
Microsoft Visual Studio Solution File, Format Version 11.00
# Visual Studio 2010
Project("{FAE04EC0-301F-11D3-BF4B-00C04F79EFBC}") = "Coursework", "Coursework\Coursework\Coursework.csproj", "{A8BBD5DE-17F7-4196-842A-6C075C372098}"
EndProject
Project("{96E2B04D-8817-42C6-938A-82C39BA4D311}") = "CourseworkContent", "Coursework\CourseworkContent\CourseworkContent.contentproj", "{B4FFBCC8-AC69-4591-8628-172A5C51F08D}"
EndProject
Global
	GlobalSection(SolutionConfigurationPlatforms) = preSolution
		Debug|x86 = Debug|x86
		Release|x86 = Release|x86
	EndGlobalSection
	GlobalSection(ProjectConfigurationPlatforms) = postSolution
		{A8BBD5DE-17F7-4196-842A-6C075C372098}.Debug|x86.ActiveCfg = Debug|x86
		{A8BBD5DE-17F7-4196-842A-6C075C372098}.Debug|x86.Build.0 = Debug|x86
		{A8BBD5DE-17F7-4196-842A-6C075C372098}.Release|x86.ActiveCfg = Release|x86
		{A8BBD5DE-17F7-4196-842A-6C075C372098}.Release|x86.Build.0 = Release|x86
		{B4FFBCC8-AC69-4591-8628-172A5C51F08D}.Debug|x86.ActiveCfg = Debug|x86
		{B4FFBCC8-AC69-4591-8628-172A5C51F08D}.Release|x86.ActiveCfg = Release|x86
	EndGlobalSection
	GlobalSection(SolutionProperties) = preSolution
		HideSolutionNode = FALSE
	EndGlobalSection
EndGlobal
